
Microsoft Visual Studio Solution File, Format Version 12.00
# Visual Studio 2013
VisualStudioVersion = 12.0.31101.0
MinimumVisualStudioVersion = 10.0.40219.1
Project("{FAE04EC0-301F-11D3-BF4B-00C04F79EFBC}") = "Compteur_Velo", "PC_To_BBB\Compteur_Velo.csproj", "{EC63141A-DC4F-4D58-8F06-4EB4C2FA2923}"
EndProject
Project("{FAE04EC0-301F-11D3-BF4B-00C04F79EFBC}") = "Test Communication BBB", "Test Communication BBB\Test Communication BBB.csproj", "{BD587AC8-6DE5-47D1-BBFB-97973A699E50}"
EndProject
Project("{FAE04EC0-301F-11D3-BF4B-00C04F79EFBC}") = "Lib_socket", "Lib_socket\Lib_socket.csproj", "{9867290E-3AA0-48DB-AEFB-00C7A5D642C8}"
EndProject
Project("{FAE04EC0-301F-11D3-BF4B-00C04F79EFBC}") = "Home_Security_System", "H_S_S\Home_Security_System.csproj", "{B80307B1-6121-4446-9A03-5D8D7B6871ED}"
EndProject
Global
	GlobalSection(SubversionScc) = preSolution
		Svn-Managed = True
		Manager = AnkhSVN - Subversion Support for Visual Studio
	EndGlobalSection
	GlobalSection(SolutionConfigurationPlatforms) = preSolution
		Debug|Any CPU = Debug|Any CPU
		Release|Any CPU = Release|Any CPU
	EndGlobalSection
	GlobalSection(ProjectConfigurationPlatforms) = postSolution
		{EC63141A-DC4F-4D58-8F06-4EB4C2FA2923}.Debug|Any CPU.ActiveCfg = Debug|Any CPU
		{EC63141A-DC4F-4D58-8F06-4EB4C2FA2923}.Debug|Any CPU.Build.0 = Debug|Any CPU
		{EC63141A-DC4F-4D58-8F06-4EB4C2FA2923}.Release|Any CPU.ActiveCfg = Release|Any CPU
		{EC63141A-DC4F-4D58-8F06-4EB4C2FA2923}.Release|Any CPU.Build.0 = Release|Any CPU
		{BD587AC8-6DE5-47D1-BBFB-97973A699E50}.Debug|Any CPU.ActiveCfg = Debug|Any CPU
		{BD587AC8-6DE5-47D1-BBFB-97973A699E50}.Debug|Any CPU.Build.0 = Debug|Any CPU
		{BD587AC8-6DE5-47D1-BBFB-97973A699E50}.Release|Any CPU.ActiveCfg = Release|Any CPU
		{BD587AC8-6DE5-47D1-BBFB-97973A699E50}.Release|Any CPU.Build.0 = Release|Any CPU
		{9867290E-3AA0-48DB-AEFB-00C7A5D642C8}.Debug|Any CPU.ActiveCfg = Debug|Any CPU
		{9867290E-3AA0-48DB-AEFB-00C7A5D642C8}.Debug|Any CPU.Build.0 = Debug|Any CPU
		{9867290E-3AA0-48DB-AEFB-00C7A5D642C8}.Release|Any CPU.ActiveCfg = Release|Any CPU
		{9867290E-3AA0-48DB-AEFB-00C7A5D642C8}.Release|Any CPU.Build.0 = Release|Any CPU
		{B80307B1-6121-4446-9A03-5D8D7B6871ED}.Debug|Any CPU.ActiveCfg = Debug|Any CPU
		{B80307B1-6121-4446-9A03-5D8D7B6871ED}.Debug|Any CPU.Build.0 = Debug|Any CPU
		{B80307B1-6121-4446-9A03-5D8D7B6871ED}.Debug|Any CPU.Deploy.0 = Debug|Any CPU
		{B80307B1-6121-4446-9A03-5D8D7B6871ED}.Release|Any CPU.ActiveCfg = Release|Any CPU
		{B80307B1-6121-4446-9A03-5D8D7B6871ED}.Release|Any CPU.Build.0 = Release|Any CPU
	EndGlobalSection
	GlobalSection(SolutionProperties) = preSolution
		HideSolutionNode = FALSE
	EndGlobalSection
EndGlobal
